
Microsoft Visual Studio Solution File, Format Version 12.00
# Visual Studio 15
VisualStudioVersion = 15.0.26403.3
MinimumVisualStudioVersion = 10.0.40219.1
Project("{FAE04EC0-301F-11D3-BF4B-00C04F79EFBC}") = "Models", "Models\Models.csproj", "{3BF8A0C2-CD84-4C66-92D7-3EB25254712E}"
EndProject
Project("{FAE04EC0-301F-11D3-BF4B-00C04F79EFBC}") = "DAL", "DAL\DAL.csproj", "{7F89A78A-85CA-4E92-9DAF-2B32CD1488DB}"
	ProjectSection(ProjectDependencies) = postProject
		{9110A5B3-5FC3-4A80-85AB-24CC1FA35B31} = {9110A5B3-5FC3-4A80-85AB-24CC1FA35B31}
		{B27D4FC0-59B1-4957-9F97-6162E8B83FB8} = {B27D4FC0-59B1-4957-9F97-6162E8B83FB8}
		{3BF8A0C2-CD84-4C66-92D7-3EB25254712E} = {3BF8A0C2-CD84-4C66-92D7-3EB25254712E}
	EndProjectSection
EndProject
Project("{FAE04EC0-301F-11D3-BF4B-00C04F79EFBC}") = "BLL", "BLL\BLL.csproj", "{47E7F912-0739-4D77-8CAA-7AF5BB7D191A}"
	ProjectSection(ProjectDependencies) = postProject
		{7F89A78A-85CA-4E92-9DAF-2B32CD1488DB} = {7F89A78A-85CA-4E92-9DAF-2B32CD1488DB}
		{9110A5B3-5FC3-4A80-85AB-24CC1FA35B31} = {9110A5B3-5FC3-4A80-85AB-24CC1FA35B31}
		{3BF8A0C2-CD84-4C66-92D7-3EB25254712E} = {3BF8A0C2-CD84-4C66-92D7-3EB25254712E}
	EndProjectSection
EndProject
Project("{2150E333-8FDC-42A3-9474-1A3956D46DE8}") = "03 Infrastructure(基础设施)", "03 Infrastructure(基础设施)", "{DA8EC013-718A-4C59-A710-FDA6BD91287E}"
EndProject
Project("{2150E333-8FDC-42A3-9474-1A3956D46DE8}") = "03 Business Logic(逻辑处理)", "03 Business Logic(逻辑处理)", "{3D676C38-DDDD-4BA8-96AD-4B157AD01237}"
EndProject
Project("{2150E333-8FDC-42A3-9474-1A3956D46DE8}") = "01 Solution Items(文件)", "01 Solution Items(文件)", "{B515D93C-D793-4F5E-A5EB-2F3C7DFE7618}"
EndProject
Project("{2150E333-8FDC-42A3-9474-1A3956D46DE8}") = "02 User Interface(展示层)", "02 User Interface(展示层)", "{E179F16E-B646-42AF-9C68-354F290D0DF4}"
EndProject
Project("{FAE04EC0-301F-11D3-BF4B-00C04F79EFBC}") = "DBUtility", "DBUtility\DBUtility.csproj", "{B27D4FC0-59B1-4957-9F97-6162E8B83FB8}"
EndProject
Project("{FAE04EC0-301F-11D3-BF4B-00C04F79EFBC}") = "Commons", "Commons\Commons.csproj", "{9110A5B3-5FC3-4A80-85AB-24CC1FA35B31}"
EndProject
Project("{FAE04EC0-301F-11D3-BF4B-00C04F79EFBC}") = "WebApp", "WebApp\WebApp.csproj", "{FFC35E44-2CB9-4908-9D81-324895797D92}"
	ProjectSection(ProjectDependencies) = postProject
		{47E7F912-0739-4D77-8CAA-7AF5BB7D191A} = {47E7F912-0739-4D77-8CAA-7AF5BB7D191A}
		{9110A5B3-5FC3-4A80-85AB-24CC1FA35B31} = {9110A5B3-5FC3-4A80-85AB-24CC1FA35B31}
		{3BF8A0C2-CD84-4C66-92D7-3EB25254712E} = {3BF8A0C2-CD84-4C66-92D7-3EB25254712E}
	EndProjectSection
EndProject
Global
	GlobalSection(SolutionConfigurationPlatforms) = preSolution
		Debug|Any CPU = Debug|Any CPU
		Release|Any CPU = Release|Any CPU
	EndGlobalSection
	GlobalSection(ProjectConfigurationPlatforms) = postSolution
		{3BF8A0C2-CD84-4C66-92D7-3EB25254712E}.Debug|Any CPU.ActiveCfg = Debug|Any CPU
		{3BF8A0C2-CD84-4C66-92D7-3EB25254712E}.Debug|Any CPU.Build.0 = Debug|Any CPU
		{3BF8A0C2-CD84-4C66-92D7-3EB25254712E}.Release|Any CPU.ActiveCfg = Release|Any CPU
		{3BF8A0C2-CD84-4C66-92D7-3EB25254712E}.Release|Any CPU.Build.0 = Release|Any CPU
		{7F89A78A-85CA-4E92-9DAF-2B32CD1488DB}.Debug|Any CPU.ActiveCfg = Debug|Any CPU
		{7F89A78A-85CA-4E92-9DAF-2B32CD1488DB}.Debug|Any CPU.Build.0 = Debug|Any CPU
		{7F89A78A-85CA-4E92-9DAF-2B32CD1488DB}.Release|Any CPU.ActiveCfg = Release|Any CPU
		{7F89A78A-85CA-4E92-9DAF-2B32CD1488DB}.Release|Any CPU.Build.0 = Release|Any CPU
		{47E7F912-0739-4D77-8CAA-7AF5BB7D191A}.Debug|Any CPU.ActiveCfg = Debug|Any CPU
		{47E7F912-0739-4D77-8CAA-7AF5BB7D191A}.Debug|Any CPU.Build.0 = Debug|Any CPU
		{47E7F912-0739-4D77-8CAA-7AF5BB7D191A}.Release|Any CPU.ActiveCfg = Release|Any CPU
		{47E7F912-0739-4D77-8CAA-7AF5BB7D191A}.Release|Any CPU.Build.0 = Release|Any CPU
		{B27D4FC0-59B1-4957-9F97-6162E8B83FB8}.Debug|Any CPU.ActiveCfg = Debug|Any CPU
		{B27D4FC0-59B1-4957-9F97-6162E8B83FB8}.Debug|Any CPU.Build.0 = Debug|Any CPU
		{B27D4FC0-59B1-4957-9F97-6162E8B83FB8}.Release|Any CPU.ActiveCfg = Release|Any CPU
		{B27D4FC0-59B1-4957-9F97-6162E8B83FB8}.Release|Any CPU.Build.0 = Release|Any CPU
		{9110A5B3-5FC3-4A80-85AB-24CC1FA35B31}.Debug|Any CPU.ActiveCfg = Debug|Any CPU
		{9110A5B3-5FC3-4A80-85AB-24CC1FA35B31}.Debug|Any CPU.Build.0 = Debug|Any CPU
		{9110A5B3-5FC3-4A80-85AB-24CC1FA35B31}.Release|Any CPU.ActiveCfg = Release|Any CPU
		{9110A5B3-5FC3-4A80-85AB-24CC1FA35B31}.Release|Any CPU.Build.0 = Release|Any CPU
		{FFC35E44-2CB9-4908-9D81-324895797D92}.Debug|Any CPU.ActiveCfg = Debug|Any CPU
		{FFC35E44-2CB9-4908-9D81-324895797D92}.Debug|Any CPU.Build.0 = Debug|Any CPU
		{FFC35E44-2CB9-4908-9D81-324895797D92}.Release|Any CPU.ActiveCfg = Release|Any CPU
		{FFC35E44-2CB9-4908-9D81-324895797D92}.Release|Any CPU.Build.0 = Release|Any CPU
	EndGlobalSection
	GlobalSection(SolutionProperties) = preSolution
		HideSolutionNode = FALSE
	EndGlobalSection
	GlobalSection(NestedProjects) = preSolution
		{3BF8A0C2-CD84-4C66-92D7-3EB25254712E} = {3D676C38-DDDD-4BA8-96AD-4B157AD01237}
		{7F89A78A-85CA-4E92-9DAF-2B32CD1488DB} = {3D676C38-DDDD-4BA8-96AD-4B157AD01237}
		{47E7F912-0739-4D77-8CAA-7AF5BB7D191A} = {3D676C38-DDDD-4BA8-96AD-4B157AD01237}
		{B27D4FC0-59B1-4957-9F97-6162E8B83FB8} = {DA8EC013-718A-4C59-A710-FDA6BD91287E}
		{9110A5B3-5FC3-4A80-85AB-24CC1FA35B31} = {DA8EC013-718A-4C59-A710-FDA6BD91287E}
		{FFC35E44-2CB9-4908-9D81-324895797D92} = {E179F16E-B646-42AF-9C68-354F290D0DF4}
	EndGlobalSection
EndGlobal
